{
  "name": "process-gpt",
  "lockfileVersion": 3,
  "requires": true,
  "packages": {
    "": {
      "dependencies": {
        "@balkangraph/orgchart.js": "^8.13.20"
      }
    },
    "node_modules/@balkangraph/orgchart.js": {
      "version": "8.13.20",
      "resolved": "https://registry.npmjs.org/@balkangraph/orgchart.js/-/orgchart.js-8.13.20.tgz",
      "integrity": "sha512-jXHn9shGms/D7d7/SofBxszl0j9JQOtXV31ahJxaErdSFYBJqFr9IN4ttvFazSjUOnirgRRh4UQ+bClo0/hbPA=="
    }
  }
}
